
Microsoft Visual Studio Solution File, Format Version 12.00
Project("{FAE04EC0-301F-11D3-BF4B-00C04F79EFBC}") = "GlobalPayment.Integration.Api", "GlobalPayment.Integration.Api\GlobalPayment.Integration.Api.csproj", "{A3BF7B7A-7D85-49B9-8D87-FD05C96F367B}"
EndProject
Project("{FAE04EC0-301F-11D3-BF4B-00C04F79EFBC}") = "GlobalPayment.Integration.Api.Test", "GlobalPayment.Integration.Api.Test\GlobalPayment.Integration.Api.Test.csproj", "{1C31CB10-D83F-494D-BF6A-84B1322428F6}"
EndProject
Global
	GlobalSection(SolutionConfigurationPlatforms) = preSolution
		Debug|Any CPU = Debug|Any CPU
		Release|Any CPU = Release|Any CPU
	EndGlobalSection
	GlobalSection(ProjectConfigurationPlatforms) = postSolution
		{A3BF7B7A-7D85-49B9-8D87-FD05C96F367B}.Debug|Any CPU.ActiveCfg = Debug|Any CPU
		{A3BF7B7A-7D85-49B9-8D87-FD05C96F367B}.Debug|Any CPU.Build.0 = Debug|Any CPU
		{A3BF7B7A-7D85-49B9-8D87-FD05C96F367B}.Release|Any CPU.ActiveCfg = Release|Any CPU
		{A3BF7B7A-7D85-49B9-8D87-FD05C96F367B}.Release|Any CPU.Build.0 = Release|Any CPU
		{1C31CB10-D83F-494D-BF6A-84B1322428F6}.Debug|Any CPU.ActiveCfg = Debug|Any CPU
		{1C31CB10-D83F-494D-BF6A-84B1322428F6}.Debug|Any CPU.Build.0 = Debug|Any CPU
		{1C31CB10-D83F-494D-BF6A-84B1322428F6}.Release|Any CPU.ActiveCfg = Release|Any CPU
		{1C31CB10-D83F-494D-BF6A-84B1322428F6}.Release|Any CPU.Build.0 = Release|Any CPU
	EndGlobalSection
EndGlobal
